
Microsoft Visual Studio Solution File, Format Version 12.00
# Visual Studio Version 16
VisualStudioVersion = 16.0.29306.81
MinimumVisualStudioVersion = 10.0.40219.1
Project("{FAE04EC0-301F-11D3-BF4B-00C04F79EFBC}") = "TP1", "TP1.csproj", "{7730DDC4-60C1-4950-BE67-9CD3F0114F02}"
EndProject
Global
	GlobalSection(SolutionConfigurationPlatforms) = preSolution
		Debug|Any CPU = Debug|Any CPU
		Release|Any CPU = Release|Any CPU
	EndGlobalSection
	GlobalSection(ProjectConfigurationPlatforms) = postSolution
		{7730DDC4-60C1-4950-BE67-9CD3F0114F02}.Debug|Any CPU.ActiveCfg = Debug|Any CPU
		{7730DDC4-60C1-4950-BE67-9CD3F0114F02}.Debug|Any CPU.Build.0 = Debug|Any CPU
		{7730DDC4-60C1-4950-BE67-9CD3F0114F02}.Release|Any CPU.ActiveCfg = Release|Any CPU
		{7730DDC4-60C1-4950-BE67-9CD3F0114F02}.Release|Any CPU.Build.0 = Release|Any CPU
	EndGlobalSection
	GlobalSection(SolutionProperties) = preSolution
		HideSolutionNode = FALSE
	EndGlobalSection
	GlobalSection(ExtensibilityGlobals) = postSolution
		SolutionGuid = {80A44DAD-0173-4CB3-B338-E6CB0F3A7F2A}
	EndGlobalSection
EndGlobal
