
Microsoft Visual Studio Solution File, Format Version 12.00
# Visual Studio Version 16
VisualStudioVersion = 16.0.29306.81
MinimumVisualStudioVersion = 10.0.40219.1
Project("{FAE04EC0-301F-11D3-BF4B-00C04F79EFBC}") = "PCP", "PCP.csproj", "{1DB39B13-21F3-4D49-974C-2DEA6E15D3DE}"
EndProject
Global
	GlobalSection(SolutionConfigurationPlatforms) = preSolution
		Debug|Any CPU = Debug|Any CPU
		Release|Any CPU = Release|Any CPU
	EndGlobalSection
	GlobalSection(ProjectConfigurationPlatforms) = postSolution
		{1DB39B13-21F3-4D49-974C-2DEA6E15D3DE}.Debug|Any CPU.ActiveCfg = Debug|Any CPU
		{1DB39B13-21F3-4D49-974C-2DEA6E15D3DE}.Debug|Any CPU.Build.0 = Debug|Any CPU
		{1DB39B13-21F3-4D49-974C-2DEA6E15D3DE}.Release|Any CPU.ActiveCfg = Release|Any CPU
		{1DB39B13-21F3-4D49-974C-2DEA6E15D3DE}.Release|Any CPU.Build.0 = Release|Any CPU
	EndGlobalSection
	GlobalSection(SolutionProperties) = preSolution
		HideSolutionNode = FALSE
	EndGlobalSection
	GlobalSection(ExtensibilityGlobals) = postSolution
		SolutionGuid = {2586735C-3CCF-464B-839D-6F92E2AD69BA}
	EndGlobalSection
EndGlobal
